{
  "lockfileVersion": 1,
  "configVersion": 1,
  "workspaces": {
    "": {
      "devDependencies": {
        "sass-embedded": "^1.104.1",
      },
    },
  },
  "packages": {
    "@bufbuild/protobuf": ["@bufbuild/protobuf@2.15.0", "", {}, "sha512-DAheWUkVr/SJTWCc+lg9dhY0eN4SaWlf4+bG1KzHeXbnqt0AfB/NX0Z+VunGlM1ki1B4zVvye27MpKh/svySUA=="],

    "@parcel/watcher": ["@parcel/watcher@2.6.0", "", { "dependencies": { "detect-libc": "^2.0.3", "is-glob": "^4.0.3", "node-addon-api": "^7.0.0", "picomatch": "^4.0.4" }, "optionalDependencies": { "@parcel/watcher-android-arm64": "2.6.0", "@parcel/watcher-darwin-arm64": "2.6.0", "@parcel/watcher-darwin-x64": "2.6.0", "@parcel/watcher-freebsd-x64": "2.6.0", "@parcel/watcher-linux-arm-glibc": "2.6.0", "@parcel/watcher-linux-arm-musl": "2.6.0", "@parcel/watcher-linux-arm64-glibc": "2.6.0", "@parcel/watcher-linux-arm64-musl": "2.6.0", "@parcel/watcher-linux-x64-glibc": "2.6.0", "@parcel/watcher-linux-x64-musl": "2.6.0", "@parcel/watcher-win32-arm64": "2.6.0", "@parcel/watcher-win32-x64": "2.6.0" } }, "sha512-7FNeNl8NCE7aINx7WXiKQrPYZWC/hvrTsmk6zmxbI7LTXE7hVek/n8AfVgpe2y82zl3w0HvCHN0bVKMBoJcC0w=="],

    "@parcel/watcher-android-arm64": ["@parcel/watcher-android-arm64@2.6.0", "", { "os": "android", "cpu": "arm64" }, "sha512-trgpLSCKRC/huFjXX/Smh+0sWe4+YtKfktIToiMl59ghz7z+qkH6kMvNnUbLyRs9N11t8l4svSCs1+5B3rOAhA=="],

    "@parcel/watcher-darwin-arm64": ["@parcel/watcher-darwin-arm64@2.6.0", "", { "os": "darwin", "cpu": "arm64" }, "sha512-Y3QV0gl7Q1zbfueunkWIERICbEojQFCgpyG7YqOGNFLsckXyI1xu9mAIUpKY9QBYzBtSkN8dBPwd3yiAO9ovMw=="],

    "@parcel/watcher-darwin-x64": ["@parcel/watcher-darwin-x64@2.6.0", "", { "os": "darwin", "cpu": "x64" }, "sha512-Ohv6OpzhUfKYD7Beb8kDvG0jbIxORCYY1JRdZnaBtnjjkJxgD7ZVL0nw2sCYd0yTMKTvz3nnTnOF3cDifK+kvw=="],

    "@parcel/watcher-freebsd-x64": ["@parcel/watcher-freebsd-x64@2.6.0", "", { "os": "freebsd", "cpu": "x64" }, "sha512-5HmXvDgs8VK+74jF9y9/2FE3/OnlcKmc56tjmSrEuZjpSZOGL+fvAu+HKJBdPs9uwoP2hE6TlSUpXZ/C5jUFmQ=="],

    "@parcel/watcher-linux-arm-glibc": ["@parcel/watcher-linux-arm-glibc@2.6.0", "", { "os": "linux", "cpu": "arm" }, "sha512-Ps/hui3A+vMbjdqlqAowK2ZL8+BO8dBjxeWXj6npTBs3jx4wWmbPpaLuqwrQrSqIVMCnpWo238bJ1U37GhQOYg=="],

    "@parcel/watcher-linux-arm-musl": ["@parcel/watcher-linux-arm-musl@2.6.0", "", { "os": "linux", "cpu": "arm" }, "sha512-9c6AUHgHoG+IY88MRIHupztQiQnrbqHYQjkM2btA+Bf/wQnQMuiD0Wfk1EVv3TlNT3x41uU71rn6E4xh/+zvkw=="],

    "@parcel/watcher-linux-arm64-glibc": ["@parcel/watcher-linux-arm64-glibc@2.6.0", "", { "os": "linux", "cpu": "arm64" }, "sha512-yHRqS2owEXe6Hic9z6Mh1ECsCd+ODVOGvZDyciqRd21+v+o+DnXMOrw50DSpIG2sb8GPEaPPmfeCAWKPJdq46g=="],

    "@parcel/watcher-linux-arm64-musl": ["@parcel/watcher-linux-arm64-musl@2.6.0", "", { "os": "linux", "cpu": "arm64" }, "sha512-WhB2e/V7rqdHHWZusBSPuy5Ei8S6lSz6FE5TKKQz5h3a0O+C+mhY7vxU9b/stqvMb8beLnPY82ZrFTLKs+SrKA=="],

    "@parcel/watcher-linux-x64-glibc": ["@parcel/watcher-linux-x64-glibc@2.6.0", "", { "os": "linux", "cpu": "x64" }, "sha512-ulGE6x6Oz6iAwg75T8YQSoguBWasniIbX+QWpaYPcCnDOpdWX3k+4xbEYPZVLxOuoJI+svJJPD3sEj8G7lrQ3A=="],

    "@parcel/watcher-linux-x64-musl": ["@parcel/watcher-linux-x64-musl@2.6.0", "", { "os": "linux", "cpu": "x64" }, "sha512-tkBYKt7YQrjIJWYDnto2YgO8MRkjlMTSNoRHzsXinBqbLdeOM3L32wPZJvIZxqaLMfSlS/4sUjH/6STVP/XDLw=="],

    "@parcel/watcher-win32-arm64": ["@parcel/watcher-win32-arm64@2.6.0", "", { "os": "win32", "cpu": "arm64" }, "sha512-gIZAP23jaHjGWasY/TY6yL7NHFClf0Ga7FN+iINvk+KN94rhm94lYZhFsbYFNcA04/onvGD9kKmiJLJB2HbNwQ=="],

    "@parcel/watcher-win32-x64": ["@parcel/watcher-win32-x64@2.6.0", "", { "os": "win32", "cpu": "x64" }, "sha512-cA+/pXV2YkfxlIcXOQ5fSWqAzzPyD78/x5qbK/I0vUkrlYHA8TIz+MXjAbGouguKVSI4bOmkTSJ1/poVSsgt+A=="],

    "chokidar": ["chokidar@5.0.0", "", { "dependencies": { "readdirp": "^5.0.0" } }, "sha512-TQMmc3w+5AxjpL8iIiwebF73dRDF4fBIieAqGn9RGCWaEVwQ6Fb2cGe31Yns0RRIzii5goJ1Y7xbMwo1TxMplw=="],

    "colorjs.io": ["colorjs.io@0.7.1", "", {}, "sha512-LY7OHnJZxHwT5UlzNa9bbhHHDbzB6yE5+3MIPwJEQKRvSCt/T4G7epsj+9j2BExUIIfXFIJGsIXUKdfrK9Q5tA=="],

    "detect-libc": ["detect-libc@2.1.2", "", {}, "sha512-Btj2BOOO83o3WyH59e8MgXsxEQVcarkUOpEYrubB0urwnN10yQ364rsiByU11nZlqWYZm05i/of7io4mzihBtQ=="],

    "has-flag": ["has-flag@4.0.0", "", {}, "sha512-EykJT/Q1KjTWctppgIAgfSO0tKVuZUjhgMr17kqTumMl6Afv3EISleU7qZUzoXDFTAHTDC4NOoG/ZxU3EvlMPQ=="],

    "immutable": ["immutable@5.1.9", "", {}, "sha512-m8nVez3rwrgmWxtLMt1ZYXB2Lv7OKYn/disyxAlSDYAlKSlFoPPfIAmAM/M5xqL4m4C/wAPw7S2/CNaUii1Hxg=="],

    "is-extglob": ["is-extglob@2.1.1", "", {}, "sha512-SbKbANkN603Vi4jEZv49LeVJMn4yGwsbzZworEoyEiutsN3nJYdbO36zfhGJ6QEDpOZIFkDtnq5JRxmvl3jsoQ=="],

    "is-glob": ["is-glob@4.0.3", "", { "dependencies": { "is-extglob": "^2.1.1" } }, "sha512-xelSayHH36ZgE7ZWhli7pW34hNbNl8Ojv5KVmkJD4hBdD3th8Tfk9vYasLM+mXWOZhFkgZfxhLSnrwRr4elSSg=="],

    "node-addon-api": ["node-addon-api@7.1.1", "", {}, "sha512-5m3bsyrjFWE1xf7nz7YXdN4udnVtXK6/Yfgn5qnahL6bCkf2yKt4k3nuTKAtT4r3IG8JNR2ncsIMdZuAzJjHQQ=="],

    "picomatch": ["picomatch@4.0.7", "", {}, "sha512-qcJu88Q2IWqJsDD529JKMdwGm/dvInW4HvQnRwiH9JtihJvzGOscDtHE3x1pBKeUOTysQ8kVmLnJ2kJu7yhcGA=="],

    "readdirp": ["readdirp@5.1.1", "", {}, "sha512-Kko+Y5XQ6fM+Ce3dq3m9YGxnacYZYl9cA1wZjaF3Vbry2L3i1qVg8+CAgNPsXRArPMUMCaOR7oa9Nqntc43JKA=="],

    "rxjs": ["rxjs@7.8.2", "", { "dependencies": { "tslib": "^2.1.0" } }, "sha512-dhKf903U/PQZY6boNNtAGdWbG85WAbjT/1xYoZIC7FAY0yWapOBQVsVrDl58W86//e1VpMNBtRV4MaXfdMySFA=="],

    "sass": ["sass@1.104.1", "", { "dependencies": { "chokidar": "^5.0.0", "immutable": "^5.1.5", "source-map-js": ">=0.6.2 <2.0.0" }, "optionalDependencies": { "@parcel/watcher": "^2.4.1" }, "bin": { "sass": "sass.js" } }, "sha512-yDA+1aIG3EHgN4V/BvuhCvu61FF6hEd4e+9DxikUm9U0CAGuvdIZ/UYy7qbOxjhbbWQraoyLlMuzdRGOSV5Bmw=="],

    "sass-embedded": ["sass-embedded@1.104.1", "", { "dependencies": { "@bufbuild/protobuf": "^2.5.0", "colorjs.io": "^0.7.0", "immutable": "^5.1.5", "rxjs": "^7.4.0", "supports-color": "^8.1.1", "sync-child-process": "^1.0.2", "varint": "^6.0.0" }, "optionalDependencies": { "sass-embedded-all-unknown": "1.104.1", "sass-embedded-android-arm": "1.104.1", "sass-embedded-android-arm64": "1.104.1", "sass-embedded-android-riscv64": "1.104.1", "sass-embedded-android-x64": "1.104.1", "sass-embedded-darwin-arm64": "1.104.1", "sass-embedded-darwin-x64": "1.104.1", "sass-embedded-linux-arm": "1.104.1", "sass-embedded-linux-arm64": "1.104.1", "sass-embedded-linux-musl-arm": "1.104.1", "sass-embedded-linux-musl-arm64": "1.104.1", "sass-embedded-linux-musl-riscv64": "1.104.1", "sass-embedded-linux-musl-x64": "1.104.1", "sass-embedded-linux-riscv64": "1.104.1", "sass-embedded-linux-x64": "1.104.1", "sass-embedded-unknown-all": "1.104.1", "sass-embedded-win32-arm64": "1.104.1", "sass-embedded-win32-x64": "1.104.1" }, "bin": { "sass": "dist/bin/sass.js" } }, "sha512-7LxbtPJ1MWKVbhzOnGx1sHTkHTcHVJ9hbgVsU29p/8gY1VeXt19fcJFr5xsx2f6zfrrR3FeOcYMt0uYDLAxpgw=="],

    "sass-embedded-all-unknown": ["sass-embedded-all-unknown@1.104.1", "", { "dependencies": { "sass": "1.104.1" }, "cpu": [ "!arm", "!x64", "!arm64", ] }, "sha512-toyMCyUKkT6DsYlHuKZGjd8T6WltaW4TGX07F7HnF4tNJM5m/8VaVsd74zrq3QSPqGE9JjxIDK4NrNc/QY9pkA=="],

    "sass-embedded-android-arm": ["sass-embedded-android-arm@1.104.1", "", { "os": "android", "cpu": "arm" }, "sha512-g/XPAJYAzSSQZFP4xCdGD0HLKB4mf24cJ/+5Nls8rMool3jNkBv9+AFO4EV0b+RxN8rLcEsMccH1CR64yIFYcQ=="],

    "sass-embedded-android-arm64": ["sass-embedded-android-arm64@1.104.1", "", { "os": "android", "cpu": "arm64" }, "sha512-yW3BVW4YFpN2vu2cVQ+Pz5JrRTvoIz36aCdo+J/Mo1A9gEN8eVPV/AL7aeZ803YdKgIitd3qw3pY4wpmT6TXNg=="],

    "sass-embedded-android-riscv64": ["sass-embedded-android-riscv64@1.104.1", "", { "os": "android", "cpu": "none" }, "sha512-ZYY8oMKQS7Q/6FBoC8w3T16O3MucDe3xv8iKym41Nht5uvLCGGpm4fC4OF5nlv7wQkJv8oactYddGG3Wd0Rqkg=="],

    "sass-embedded-android-x64": ["sass-embedded-android-x64@1.104.1", "", { "os": "android", "cpu": "x64" }, "sha512-5WZKC4lSfjMIjzZdQUlYQUAV+UiatBhD8w28U7cYLLj4/dMgEPOBd4g3VMv0BwpgH2JOaycMS42dXq29W2bcDg=="],

    "sass-embedded-darwin-arm64": ["sass-embedded-darwin-arm64@1.104.1", "", { "os": "darwin", "cpu": "arm64" }, "sha512-oatuHzn0NsEg0d9Dcze6CuWUPvuETtMxRK4cv0eRAg7p6R0vHnv5GZRyWG6gEy3nc/ha/L+GtTasWVU82f4jrQ=="],

    "sass-embedded-darwin-x64": ["sass-embedded-darwin-x64@1.104.1", "", { "os": "darwin", "cpu": "x64" }, "sha512-gql/5sHGzUTVwuHfM3QLCDeb6NYwen+LLj22gz81C2NKHF/4nUtDyh4N+fURWdT7J0/EhtMOd0+FLML3sGNP7g=="],

    "sass-embedded-linux-arm": ["sass-embedded-linux-arm@1.104.1", "", { "os": "linux", "cpu": "arm" }, "sha512-WfmshPJOp9vUKxgp8wZ2ncaKBbyrlW9J51M2aUQHWECjMNxTULnGOHWSmD7FViXv4zwn1Co5FIFQUipW7RCxtA=="],

    "sass-embedded-linux-arm64": ["sass-embedded-linux-arm64@1.104.1", "", { "os": "linux", "cpu": "arm64" }, "sha512-sVWUKXNTu8sP3X95Df0xo/t49Ce5IseTIMqXHxhFBKVmx7gf7kBWNLK0wH5ym+4khc+B5nNJPgq4IxpelG8tMQ=="],

    "sass-embedded-linux-musl-arm": ["sass-embedded-linux-musl-arm@1.104.1", "", { "os": "linux", "cpu": "arm" }, "sha512-k0cQ/CxBzFVYiQEObg6CpF6CUglkdEhi/DZgZXQbwC27kbGGY+fatmIs/cFPJL2z1ulACwoAr86RQUFzYvw5eg=="],

    "sass-embedded-linux-musl-arm64": ["sass-embedded-linux-musl-arm64@1.104.1", "", { "os": "linux", "cpu": "arm64" }, "sha512-H7b+LzZ/w8pwNExInM8HDHraqvxCMdUc5ZRGU/aSJJhZ9HjeRKBjF3GxaisVHnx7o18j1l4VQ5cLBL9tTmNzZw=="],

    "sass-embedded-linux-musl-riscv64": ["sass-embedded-linux-musl-riscv64@1.104.1", "", { "os": "linux", "cpu": "none" }, "sha512-9DYdn4wfrkidjxJVtEd2iCx8HKdZe+uF82GDmrYEZhgu4NjVE6a4fQyW7OLwzn3erZMHKBaObBOH1d37DnXI1A=="],

    "sass-embedded-linux-musl-x64": ["sass-embedded-linux-musl-x64@1.104.1", "", { "os": "linux", "cpu": "x64" }, "sha512-5xz+nAr01b6yaRdrGVgE7lNvm1lGFjwNdUvnz+teidvHCbD5oTcbhrRVrnDoLHHvq5n3Jve9TzWaaHhezaEfHA=="],

    "sass-embedded-linux-riscv64": ["sass-embedded-linux-riscv64@1.104.1", "", { "os": "linux", "cpu": "none" }, "sha512-oWryPJWTXK5adtlz/FD7wd2kS4I0CEgp6mWLUVb4oMFURMLz9bA9fO87D7lc4SV++lds7T51PU1kykCbOvNHMg=="],

    "sass-embedded-linux-x64": ["sass-embedded-linux-x64@1.104.1", "", { "os": "linux", "cpu": "x64" }, "sha512-j/sX/yKTx/wJKepC5/ISlR6kPeSuHKThf76D2za5i2VnbHg0MN19jQq3WMorowR3kRghqt6azs3awogG+e7IRA=="],

    "sass-embedded-unknown-all": ["sass-embedded-unknown-all@1.104.1", "", { "dependencies": { "sass": "1.104.1" }, "os": [ "!linux", "!win32", "!darwin", "!android", ] }, "sha512-RaMsYZB5mRioL4qhoI7T5mmNb2OunakbPTJW2cuu3MeIULnGoxo7Wd5QKFxeQvF7sSQL57RuaQ+q9pH+/pQ9Fg=="],

    "sass-embedded-win32-arm64": ["sass-embedded-win32-arm64@1.104.1", "", { "os": "win32", "cpu": "arm64" }, "sha512-fS6DL7lcnTPclqGLF4xRt8egZlFY9cU23d57ufbWqaUbCFu9JTu0+8qB4jMxfx1la6byi3GoSTfbnNOLfWv8sw=="],

    "sass-embedded-win32-x64": ["sass-embedded-win32-x64@1.104.1", "", { "os": "win32", "cpu": "x64" }, "sha512-/c4N2A93Ckms6DuRFVftKYISuI1tyC8gmlVJ8WaWFzgCBN/Swq2rARJIBUNeuxlmxjmYXfd3+2f/u887K63wbA=="],

    "source-map-js": ["source-map-js@1.2.1", "", {}, "sha512-UXWMKhLOwVKb728IUtQPXxfYU+usdybtUrK/8uGE8CQMvrhOpwvzDBwj0QhSL7MQc7vIsISBG8VQ8+IDQxpfQA=="],

    "supports-color": ["supports-color@8.1.1", "", { "dependencies": { "has-flag": "^4.0.0" } }, "sha512-MpUEN2OodtUzxvKQl72cUF7RQ5EiHsGvSsVG0ia9c5RbWGL2CI4C7EpPS8UTBIplnlzZiNuV56w+FuNxy3ty2Q=="],

    "sync-child-process": ["sync-child-process@1.0.2", "", { "dependencies": { "sync-message-port": "^1.0.0" } }, "sha512-8lD+t2KrrScJ/7KXCSyfhT3/hRq78rC0wBFqNJXv3mZyn6hW2ypM05JmlSvtqRbeq6jqA94oHbxAr2vYsJ8vDA=="],

    "sync-message-port": ["sync-message-port@1.2.0", "", {}, "sha512-gAQ9qrUN/UCypHtGFbbe7Rc/f9bzO88IwrG8TDo/aMKAApKyD6E3W4Cm0EfhfBb6Z6SKt59tTCTfD+n1xmAvMg=="],

    "tslib": ["tslib@2.8.1", "", {}, "sha512-oJFu94HQb+KVduSUQL7wnpmqnfmLsOA/nAh6b6EH0wCEoK0/mPeXU6c3wKDV83MkOuHPRHtSXKKU99IBazS/2w=="],

    "varint": ["varint@6.0.0", "", {}, "sha512-cXEIW6cfr15lFv563k4GuVuW/fiwjknytD37jIOLSdSWuOI6WnO/oKwmP2FQTU2l01LP8/M5TSAJpzUaGe3uWg=="],
  }
}
